
Microsoft Visual Studio Solution File, Format Version 12.00
# Visual Studio 2012
Project("{FAE04EC0-301F-11D3-BF4B-00C04F79EFBC}") = "01.Zerg", "01.Zerg\01.Zerg.csproj", "{56C5CEE5-19F7-4A1E-B323-9CF8D65FB40E}"
EndProject
Project("{FAE04EC0-301F-11D3-BF4B-00C04F79EFBC}") = "02.MovingLetters", "02.MovingLetters\02.MovingLetters.csproj", "{C6C79F89-EDB1-4348-AD72-43EF4C4B1589}"
EndProject
Project("{FAE04EC0-301F-11D3-BF4B-00C04F79EFBC}") = "05.Green", "05.Green\05.Green.csproj", "{F420B00C-B219-4DA6-B26E-3D78725E0993}"
EndProject
Project("{FAE04EC0-301F-11D3-BF4B-00C04F79EFBC}") = "04.Encode", "04.Encode\04.Encode.csproj", "{0162E069-9803-404F-B3F8-330C7A7D5E5B}"
EndProject
Project("{FAE04EC0-301F-11D3-BF4B-00C04F79EFBC}") = "03.Trails", "03.Trails\03.Trails.csproj", "{837339CC-62B9-4DE9-A660-D312D941ED93}"
EndProject
Project("{FAE04EC0-301F-11D3-BF4B-00C04F79EFBC}") = "06.trash", "06.trash\06.trash.csproj", "{F50095BD-05F8-4E56-8CB8-16C3E0A9D2B5}"
EndProject
Global
	GlobalSection(SolutionConfigurationPlatforms) = preSolution
		Debug|Any CPU = Debug|Any CPU
		Release|Any CPU = Release|Any CPU
	EndGlobalSection
	GlobalSection(ProjectConfigurationPlatforms) = postSolution
		{56C5CEE5-19F7-4A1E-B323-9CF8D65FB40E}.Debug|Any CPU.ActiveCfg = Debug|Any CPU
		{56C5CEE5-19F7-4A1E-B323-9CF8D65FB40E}.Debug|Any CPU.Build.0 = Debug|Any CPU
		{56C5CEE5-19F7-4A1E-B323-9CF8D65FB40E}.Release|Any CPU.ActiveCfg = Release|Any CPU
		{56C5CEE5-19F7-4A1E-B323-9CF8D65FB40E}.Release|Any CPU.Build.0 = Release|Any CPU
		{C6C79F89-EDB1-4348-AD72-43EF4C4B1589}.Debug|Any CPU.ActiveCfg = Debug|Any CPU
		{C6C79F89-EDB1-4348-AD72-43EF4C4B1589}.Debug|Any CPU.Build.0 = Debug|Any CPU
		{C6C79F89-EDB1-4348-AD72-43EF4C4B1589}.Release|Any CPU.ActiveCfg = Release|Any CPU
		{C6C79F89-EDB1-4348-AD72-43EF4C4B1589}.Release|Any CPU.Build.0 = Release|Any CPU
		{F420B00C-B219-4DA6-B26E-3D78725E0993}.Debug|Any CPU.ActiveCfg = Debug|Any CPU
		{F420B00C-B219-4DA6-B26E-3D78725E0993}.Debug|Any CPU.Build.0 = Debug|Any CPU
		{F420B00C-B219-4DA6-B26E-3D78725E0993}.Release|Any CPU.ActiveCfg = Release|Any CPU
		{F420B00C-B219-4DA6-B26E-3D78725E0993}.Release|Any CPU.Build.0 = Release|Any CPU
		{0162E069-9803-404F-B3F8-330C7A7D5E5B}.Debug|Any CPU.ActiveCfg = Debug|Any CPU
		{0162E069-9803-404F-B3F8-330C7A7D5E5B}.Debug|Any CPU.Build.0 = Debug|Any CPU
		{0162E069-9803-404F-B3F8-330C7A7D5E5B}.Release|Any CPU.ActiveCfg = Release|Any CPU
		{0162E069-9803-404F-B3F8-330C7A7D5E5B}.Release|Any CPU.Build.0 = Release|Any CPU
		{837339CC-62B9-4DE9-A660-D312D941ED93}.Debug|Any CPU.ActiveCfg = Debug|Any CPU
		{837339CC-62B9-4DE9-A660-D312D941ED93}.Debug|Any CPU.Build.0 = Debug|Any CPU
		{837339CC-62B9-4DE9-A660-D312D941ED93}.Release|Any CPU.ActiveCfg = Release|Any CPU
		{837339CC-62B9-4DE9-A660-D312D941ED93}.Release|Any CPU.Build.0 = Release|Any CPU
		{F50095BD-05F8-4E56-8CB8-16C3E0A9D2B5}.Debug|Any CPU.ActiveCfg = Debug|Any CPU
		{F50095BD-05F8-4E56-8CB8-16C3E0A9D2B5}.Debug|Any CPU.Build.0 = Debug|Any CPU
		{F50095BD-05F8-4E56-8CB8-16C3E0A9D2B5}.Release|Any CPU.ActiveCfg = Release|Any CPU
		{F50095BD-05F8-4E56-8CB8-16C3E0A9D2B5}.Release|Any CPU.Build.0 = Release|Any CPU
	EndGlobalSection
	GlobalSection(SolutionProperties) = preSolution
		HideSolutionNode = FALSE
	EndGlobalSection
EndGlobal
