
Microsoft Visual Studio Solution File, Format Version 12.00
# Visual Studio 2013
VisualStudioVersion = 12.0.30723.0
MinimumVisualStudioVersion = 10.0.40219.1
Project("{FAE04EC0-301F-11D3-BF4B-00C04F79EFBC}") = "StudentSystem.Model", "StudentSystem.Model\StudentSystem.Model.csproj", "{ABF44721-14BD-4680-BAD7-B84F440CA704}"
EndProject
Project("{FAE04EC0-301F-11D3-BF4B-00C04F79EFBC}") = "StudentSystem.Data", "StudentSystem.Data\StudentSystem.Data.csproj", "{A2038E08-C84F-47F5-8AF3-9D15CE82551E}"
EndProject
Project("{FAE04EC0-301F-11D3-BF4B-00C04F79EFBC}") = "StudentSystem.ConsoleClient", "StudentSystem.ConsoleClient\StudentSystem.ConsoleClient.csproj", "{5D7F64A5-E490-4084-A783-686FA514BD3D}"
EndProject
Global
	GlobalSection(SolutionConfigurationPlatforms) = preSolution
		Debug|Any CPU = Debug|Any CPU
		Release|Any CPU = Release|Any CPU
	EndGlobalSection
	GlobalSection(ProjectConfigurationPlatforms) = postSolution
		{ABF44721-14BD-4680-BAD7-B84F440CA704}.Debug|Any CPU.ActiveCfg = Debug|Any CPU
		{ABF44721-14BD-4680-BAD7-B84F440CA704}.Debug|Any CPU.Build.0 = Debug|Any CPU
		{ABF44721-14BD-4680-BAD7-B84F440CA704}.Release|Any CPU.ActiveCfg = Release|Any CPU
		{ABF44721-14BD-4680-BAD7-B84F440CA704}.Release|Any CPU.Build.0 = Release|Any CPU
		{A2038E08-C84F-47F5-8AF3-9D15CE82551E}.Debug|Any CPU.ActiveCfg = Debug|Any CPU
		{A2038E08-C84F-47F5-8AF3-9D15CE82551E}.Debug|Any CPU.Build.0 = Debug|Any CPU
		{A2038E08-C84F-47F5-8AF3-9D15CE82551E}.Release|Any CPU.ActiveCfg = Release|Any CPU
		{A2038E08-C84F-47F5-8AF3-9D15CE82551E}.Release|Any CPU.Build.0 = Release|Any CPU
		{5D7F64A5-E490-4084-A783-686FA514BD3D}.Debug|Any CPU.ActiveCfg = Debug|Any CPU
		{5D7F64A5-E490-4084-A783-686FA514BD3D}.Debug|Any CPU.Build.0 = Debug|Any CPU
		{5D7F64A5-E490-4084-A783-686FA514BD3D}.Release|Any CPU.ActiveCfg = Release|Any CPU
		{5D7F64A5-E490-4084-A783-686FA514BD3D}.Release|Any CPU.Build.0 = Release|Any CPU
	EndGlobalSection
	GlobalSection(SolutionProperties) = preSolution
		HideSolutionNode = FALSE
	EndGlobalSection
EndGlobal
