
Microsoft Visual Studio Solution File, Format Version 12.00
# Visual Studio 2013
VisualStudioVersion = 12.0.30723.0
MinimumVisualStudioVersion = 10.0.40219.1
Project("{FAE04EC0-301F-11D3-BF4B-00C04F79EFBC}") = "01.KnapsackProblem", "01.KnapsackProblem\01.KnapsackProblem.csproj", "{582B9C8D-A9DB-4E8E-B222-2AFA343665F8}"
EndProject
Project("{FAE04EC0-301F-11D3-BF4B-00C04F79EFBC}") = "02.MinimumEditDistance", "02.MinimumEditDistance\02.MinimumEditDistance.csproj", "{498AEFFD-E71C-496F-9DD5-CBF4EF122D48}"
EndProject
Global
	GlobalSection(SolutionConfigurationPlatforms) = preSolution
		Debug|Any CPU = Debug|Any CPU
		Release|Any CPU = Release|Any CPU
	EndGlobalSection
	GlobalSection(ProjectConfigurationPlatforms) = postSolution
		{582B9C8D-A9DB-4E8E-B222-2AFA343665F8}.Debug|Any CPU.ActiveCfg = Debug|Any CPU
		{582B9C8D-A9DB-4E8E-B222-2AFA343665F8}.Debug|Any CPU.Build.0 = Debug|Any CPU
		{582B9C8D-A9DB-4E8E-B222-2AFA343665F8}.Release|Any CPU.ActiveCfg = Release|Any CPU
		{582B9C8D-A9DB-4E8E-B222-2AFA343665F8}.Release|Any CPU.Build.0 = Release|Any CPU
		{498AEFFD-E71C-496F-9DD5-CBF4EF122D48}.Debug|Any CPU.ActiveCfg = Debug|Any CPU
		{498AEFFD-E71C-496F-9DD5-CBF4EF122D48}.Debug|Any CPU.Build.0 = Debug|Any CPU
		{498AEFFD-E71C-496F-9DD5-CBF4EF122D48}.Release|Any CPU.ActiveCfg = Release|Any CPU
		{498AEFFD-E71C-496F-9DD5-CBF4EF122D48}.Release|Any CPU.Build.0 = Release|Any CPU
	EndGlobalSection
	GlobalSection(SolutionProperties) = preSolution
		HideSolutionNode = FALSE
	EndGlobalSection
EndGlobal
