
Microsoft Visual Studio Solution File, Format Version 12.00
# Visual Studio 2012
Project("{FAE04EC0-301F-11D3-BF4B-00C04F79EFBC}") = "03. Positioning rules CSS", "03. Positioning rules CSS\03. Positioning rules CSS.csproj", "{FD28C88B-9AA0-4918-9CC4-464D8895566B}"
EndProject
Global
	GlobalSection(SolutionConfigurationPlatforms) = preSolution
		Debug|Any CPU = Debug|Any CPU
		Release|Any CPU = Release|Any CPU
	EndGlobalSection
	GlobalSection(ProjectConfigurationPlatforms) = postSolution
		{FD28C88B-9AA0-4918-9CC4-464D8895566B}.Debug|Any CPU.ActiveCfg = Debug|Any CPU
		{FD28C88B-9AA0-4918-9CC4-464D8895566B}.Debug|Any CPU.Build.0 = Debug|Any CPU
		{FD28C88B-9AA0-4918-9CC4-464D8895566B}.Release|Any CPU.ActiveCfg = Release|Any CPU
		{FD28C88B-9AA0-4918-9CC4-464D8895566B}.Release|Any CPU.Build.0 = Release|Any CPU
	EndGlobalSection
	GlobalSection(SolutionProperties) = preSolution
		HideSolutionNode = FALSE
	EndGlobalSection
EndGlobal
