
Microsoft Visual Studio Solution File, Format Version 12.00
# Visual Studio 2013
VisualStudioVersion = 12.0.30723.0
MinimumVisualStudioVersion = 10.0.40219.1
Project("{FAE04EC0-301F-11D3-BF4B-00C04F79EFBC}") = "01.Sorters", "01.Sorters\01.Sorters.csproj", "{3049CE65-4975-41A4-A57C-581DF7A371A5}"
EndProject
Global
	GlobalSection(SolutionConfigurationPlatforms) = preSolution
		Debug|Any CPU = Debug|Any CPU
		Release|Any CPU = Release|Any CPU
	EndGlobalSection
	GlobalSection(ProjectConfigurationPlatforms) = postSolution
		{3049CE65-4975-41A4-A57C-581DF7A371A5}.Debug|Any CPU.ActiveCfg = Debug|Any CPU
		{3049CE65-4975-41A4-A57C-581DF7A371A5}.Debug|Any CPU.Build.0 = Debug|Any CPU
		{3049CE65-4975-41A4-A57C-581DF7A371A5}.Release|Any CPU.ActiveCfg = Release|Any CPU
		{3049CE65-4975-41A4-A57C-581DF7A371A5}.Release|Any CPU.Build.0 = Release|Any CPU
	EndGlobalSection
	GlobalSection(SolutionProperties) = preSolution
		HideSolutionNode = FALSE
	EndGlobalSection
EndGlobal
