
Microsoft Visual Studio Solution File, Format Version 12.00
# Visual Studio 2013
VisualStudioVersion = 12.0.30723.0
MinimumVisualStudioVersion = 10.0.40219.1
Project("{FAE04EC0-301F-11D3-BF4B-00C04F79EFBC}") = "02.Company", "01.Company\02.Company.csproj", "{B1809C5E-6283-40DB-A85B-E4CD30B06E75}"
EndProject
Project("{FAE04EC0-301F-11D3-BF4B-00C04F79EFBC}") = "01.Students", "01.Students\01.Students.csproj", "{F6E4064C-FB18-4271-85DA-7EAECC9421F9}"
EndProject
Project("{FAE04EC0-301F-11D3-BF4B-00C04F79EFBC}") = "03.BiDictionaryImplementation", "03.BiDictionaryImplementation\03.BiDictionaryImplementation.csproj", "{72311E6F-AF79-45D3-9F51-C204D971FBAA}"
EndProject
Global
	GlobalSection(SolutionConfigurationPlatforms) = preSolution
		Debug|Any CPU = Debug|Any CPU
		Release|Any CPU = Release|Any CPU
	EndGlobalSection
	GlobalSection(ProjectConfigurationPlatforms) = postSolution
		{B1809C5E-6283-40DB-A85B-E4CD30B06E75}.Debug|Any CPU.ActiveCfg = Debug|Any CPU
		{B1809C5E-6283-40DB-A85B-E4CD30B06E75}.Debug|Any CPU.Build.0 = Debug|Any CPU
		{B1809C5E-6283-40DB-A85B-E4CD30B06E75}.Release|Any CPU.ActiveCfg = Release|Any CPU
		{B1809C5E-6283-40DB-A85B-E4CD30B06E75}.Release|Any CPU.Build.0 = Release|Any CPU
		{F6E4064C-FB18-4271-85DA-7EAECC9421F9}.Debug|Any CPU.ActiveCfg = Debug|Any CPU
		{F6E4064C-FB18-4271-85DA-7EAECC9421F9}.Debug|Any CPU.Build.0 = Debug|Any CPU
		{F6E4064C-FB18-4271-85DA-7EAECC9421F9}.Release|Any CPU.ActiveCfg = Release|Any CPU
		{F6E4064C-FB18-4271-85DA-7EAECC9421F9}.Release|Any CPU.Build.0 = Release|Any CPU
		{72311E6F-AF79-45D3-9F51-C204D971FBAA}.Debug|Any CPU.ActiveCfg = Debug|Any CPU
		{72311E6F-AF79-45D3-9F51-C204D971FBAA}.Debug|Any CPU.Build.0 = Debug|Any CPU
		{72311E6F-AF79-45D3-9F51-C204D971FBAA}.Release|Any CPU.ActiveCfg = Release|Any CPU
		{72311E6F-AF79-45D3-9F51-C204D971FBAA}.Release|Any CPU.Build.0 = Release|Any CPU
	EndGlobalSection
	GlobalSection(SolutionProperties) = preSolution
		HideSolutionNode = FALSE
	EndGlobalSection
EndGlobal
