
Microsoft Visual Studio Solution File, Format Version 12.00
# Visual Studio 2012
Project("{FAE04EC0-301F-11D3-BF4B-00C04F79EFBC}") = "01.PrintOddLinesOfFile", "01.PrintOddLinesOfFile\01.PrintOddLinesOfFile.csproj", "{7B4C4EE5-5D28-413E-9B43-5935D2549C2E}"
EndProject
Project("{FAE04EC0-301F-11D3-BF4B-00C04F79EFBC}") = "02.ConcatenateTwoTextFiles", "02.ConcatenateTwoTextFiles\02.ConcatenateTwoTextFiles.csproj", "{AAF34DEA-9BC2-4929-811E-46E3A03D6DC7}"
EndProject
Project("{FAE04EC0-301F-11D3-BF4B-00C04F79EFBC}") = "03.InsertLineNumbersInFile", "03.InsertLineNumbersInFile\03.InsertLineNumbersInFile.csproj", "{B9C02AE7-4F63-4312-B3D9-A0C92DFDC040}"
EndProject
Project("{FAE04EC0-301F-11D3-BF4B-00C04F79EFBC}") = "04.CompareFilesLineByLine", "04.CompareFilesLineByLine\04.CompareFilesLineByLine.csproj", "{8B71AEE6-5E4D-4530-9DA8-EE1FBE459276}"
EndProject
Project("{FAE04EC0-301F-11D3-BF4B-00C04F79EFBC}") = "05.ReadMatrixFromFile", "05.ReadMatrixFromFile\05.ReadMatrixFromFile.csproj", "{A45B094C-341F-4381-92C1-1CE13C2D8D56}"
EndProject
Project("{FAE04EC0-301F-11D3-BF4B-00C04F79EFBC}") = "06.SortStringsInFile", "06.SortStringsInFile\06.SortStringsInFile.csproj", "{4107CFD6-263D-4A64-9FC9-663079BB0526}"
EndProject
Project("{FAE04EC0-301F-11D3-BF4B-00C04F79EFBC}") = "07.ReplaceSubstringInAFile", "07.ReplaceSubstringInAFile\07.ReplaceSubstringInAFile.csproj", "{D4D424A5-2522-4B57-A27E-5247775AD6FE}"
EndProject
Project("{FAE04EC0-301F-11D3-BF4B-00C04F79EFBC}") = "08.ReplaceWordsInFile", "08.ReplaceWordsInFile\08.ReplaceWordsInFile.csproj", "{C4BBC467-3BDE-4DE1-BA82-0B5BC1B8CEB9}"
EndProject
Project("{FAE04EC0-301F-11D3-BF4B-00C04F79EFBC}") = "09.DeleteOddLines", "09.DeleteOddLines\09.DeleteOddLines.csproj", "{251795B7-D59A-44ED-AB97-4090A5C5376E}"
EndProject
Project("{FAE04EC0-301F-11D3-BF4B-00C04F79EFBC}") = "10.ExtractOnlyTextFromXML", "10.ExtractOnlyTextFromXML\10.ExtractOnlyTextFromXML.csproj", "{3C3CBC1F-CF93-4E7C-A2B4-FB94EE5EDE63}"
EndProject
Project("{FAE04EC0-301F-11D3-BF4B-00C04F79EFBC}") = "11.DeleteWordsWithPrefixes", "11.DeleteWordsWithPrefixes\11.DeleteWordsWithPrefixes.csproj", "{F89B26DC-65E4-4B95-A3C0-D30B130140A2}"
EndProject
Project("{FAE04EC0-301F-11D3-BF4B-00C04F79EFBC}") = "12.RemoveListedWords", "12.RemoveListedWords\12.RemoveListedWords.csproj", "{55D9FAEB-E209-44B7-8DD3-6374CCCA61CC}"
EndProject
Project("{FAE04EC0-301F-11D3-BF4B-00C04F79EFBC}") = "13.CountSomeWordsInFile", "13.CountSomeWordsInFile\13.CountSomeWordsInFile.csproj", "{F48A39DB-9649-43E9-8578-B93F8BA67F73}"
EndProject
Global
	GlobalSection(SolutionConfigurationPlatforms) = preSolution
		Debug|Any CPU = Debug|Any CPU
		Release|Any CPU = Release|Any CPU
	EndGlobalSection
	GlobalSection(ProjectConfigurationPlatforms) = postSolution
		{7B4C4EE5-5D28-413E-9B43-5935D2549C2E}.Debug|Any CPU.ActiveCfg = Debug|Any CPU
		{7B4C4EE5-5D28-413E-9B43-5935D2549C2E}.Debug|Any CPU.Build.0 = Debug|Any CPU
		{7B4C4EE5-5D28-413E-9B43-5935D2549C2E}.Release|Any CPU.ActiveCfg = Release|Any CPU
		{7B4C4EE5-5D28-413E-9B43-5935D2549C2E}.Release|Any CPU.Build.0 = Release|Any CPU
		{AAF34DEA-9BC2-4929-811E-46E3A03D6DC7}.Debug|Any CPU.ActiveCfg = Debug|Any CPU
		{AAF34DEA-9BC2-4929-811E-46E3A03D6DC7}.Debug|Any CPU.Build.0 = Debug|Any CPU
		{AAF34DEA-9BC2-4929-811E-46E3A03D6DC7}.Release|Any CPU.ActiveCfg = Release|Any CPU
		{AAF34DEA-9BC2-4929-811E-46E3A03D6DC7}.Release|Any CPU.Build.0 = Release|Any CPU
		{B9C02AE7-4F63-4312-B3D9-A0C92DFDC040}.Debug|Any CPU.ActiveCfg = Debug|Any CPU
		{B9C02AE7-4F63-4312-B3D9-A0C92DFDC040}.Debug|Any CPU.Build.0 = Debug|Any CPU
		{B9C02AE7-4F63-4312-B3D9-A0C92DFDC040}.Release|Any CPU.ActiveCfg = Release|Any CPU
		{B9C02AE7-4F63-4312-B3D9-A0C92DFDC040}.Release|Any CPU.Build.0 = Release|Any CPU
		{8B71AEE6-5E4D-4530-9DA8-EE1FBE459276}.Debug|Any CPU.ActiveCfg = Debug|Any CPU
		{8B71AEE6-5E4D-4530-9DA8-EE1FBE459276}.Debug|Any CPU.Build.0 = Debug|Any CPU
		{8B71AEE6-5E4D-4530-9DA8-EE1FBE459276}.Release|Any CPU.ActiveCfg = Release|Any CPU
		{8B71AEE6-5E4D-4530-9DA8-EE1FBE459276}.Release|Any CPU.Build.0 = Release|Any CPU
		{A45B094C-341F-4381-92C1-1CE13C2D8D56}.Debug|Any CPU.ActiveCfg = Debug|Any CPU
		{A45B094C-341F-4381-92C1-1CE13C2D8D56}.Debug|Any CPU.Build.0 = Debug|Any CPU
		{A45B094C-341F-4381-92C1-1CE13C2D8D56}.Release|Any CPU.ActiveCfg = Release|Any CPU
		{A45B094C-341F-4381-92C1-1CE13C2D8D56}.Release|Any CPU.Build.0 = Release|Any CPU
		{4107CFD6-263D-4A64-9FC9-663079BB0526}.Debug|Any CPU.ActiveCfg = Debug|Any CPU
		{4107CFD6-263D-4A64-9FC9-663079BB0526}.Debug|Any CPU.Build.0 = Debug|Any CPU
		{4107CFD6-263D-4A64-9FC9-663079BB0526}.Release|Any CPU.ActiveCfg = Release|Any CPU
		{4107CFD6-263D-4A64-9FC9-663079BB0526}.Release|Any CPU.Build.0 = Release|Any CPU
		{D4D424A5-2522-4B57-A27E-5247775AD6FE}.Debug|Any CPU.ActiveCfg = Debug|Any CPU
		{D4D424A5-2522-4B57-A27E-5247775AD6FE}.Debug|Any CPU.Build.0 = Debug|Any CPU
		{D4D424A5-2522-4B57-A27E-5247775AD6FE}.Release|Any CPU.ActiveCfg = Release|Any CPU
		{D4D424A5-2522-4B57-A27E-5247775AD6FE}.Release|Any CPU.Build.0 = Release|Any CPU
		{C4BBC467-3BDE-4DE1-BA82-0B5BC1B8CEB9}.Debug|Any CPU.ActiveCfg = Debug|Any CPU
		{C4BBC467-3BDE-4DE1-BA82-0B5BC1B8CEB9}.Debug|Any CPU.Build.0 = Debug|Any CPU
		{C4BBC467-3BDE-4DE1-BA82-0B5BC1B8CEB9}.Release|Any CPU.ActiveCfg = Release|Any CPU
		{C4BBC467-3BDE-4DE1-BA82-0B5BC1B8CEB9}.Release|Any CPU.Build.0 = Release|Any CPU
		{251795B7-D59A-44ED-AB97-4090A5C5376E}.Debug|Any CPU.ActiveCfg = Debug|Any CPU
		{251795B7-D59A-44ED-AB97-4090A5C5376E}.Debug|Any CPU.Build.0 = Debug|Any CPU
		{251795B7-D59A-44ED-AB97-4090A5C5376E}.Release|Any CPU.ActiveCfg = Release|Any CPU
		{251795B7-D59A-44ED-AB97-4090A5C5376E}.Release|Any CPU.Build.0 = Release|Any CPU
		{3C3CBC1F-CF93-4E7C-A2B4-FB94EE5EDE63}.Debug|Any CPU.ActiveCfg = Debug|Any CPU
		{3C3CBC1F-CF93-4E7C-A2B4-FB94EE5EDE63}.Debug|Any CPU.Build.0 = Debug|Any CPU
		{3C3CBC1F-CF93-4E7C-A2B4-FB94EE5EDE63}.Release|Any CPU.ActiveCfg = Release|Any CPU
		{3C3CBC1F-CF93-4E7C-A2B4-FB94EE5EDE63}.Release|Any CPU.Build.0 = Release|Any CPU
		{F89B26DC-65E4-4B95-A3C0-D30B130140A2}.Debug|Any CPU.ActiveCfg = Debug|Any CPU
		{F89B26DC-65E4-4B95-A3C0-D30B130140A2}.Debug|Any CPU.Build.0 = Debug|Any CPU
		{F89B26DC-65E4-4B95-A3C0-D30B130140A2}.Release|Any CPU.ActiveCfg = Release|Any CPU
		{F89B26DC-65E4-4B95-A3C0-D30B130140A2}.Release|Any CPU.Build.0 = Release|Any CPU
		{55D9FAEB-E209-44B7-8DD3-6374CCCA61CC}.Debug|Any CPU.ActiveCfg = Debug|Any CPU
		{55D9FAEB-E209-44B7-8DD3-6374CCCA61CC}.Debug|Any CPU.Build.0 = Debug|Any CPU
		{55D9FAEB-E209-44B7-8DD3-6374CCCA61CC}.Release|Any CPU.ActiveCfg = Release|Any CPU
		{55D9FAEB-E209-44B7-8DD3-6374CCCA61CC}.Release|Any CPU.Build.0 = Release|Any CPU
		{F48A39DB-9649-43E9-8578-B93F8BA67F73}.Debug|Any CPU.ActiveCfg = Debug|Any CPU
		{F48A39DB-9649-43E9-8578-B93F8BA67F73}.Debug|Any CPU.Build.0 = Debug|Any CPU
		{F48A39DB-9649-43E9-8578-B93F8BA67F73}.Release|Any CPU.ActiveCfg = Release|Any CPU
		{F48A39DB-9649-43E9-8578-B93F8BA67F73}.Release|Any CPU.Build.0 = Release|Any CPU
	EndGlobalSection
	GlobalSection(SolutionProperties) = preSolution
		HideSolutionNode = FALSE
	EndGlobalSection
EndGlobal
