
Microsoft Visual Studio Solution File, Format Version 12.00
# Visual Studio 2013
VisualStudioVersion = 12.0.30110.0
MinimumVisualStudioVersion = 10.0.40219.1
Project("{FAE04EC0-301F-11D3-BF4B-00C04F79EFBC}") = "CSS-Exam-Feb-2013-Variant-3", "CSS-Exam-Feb-2013-Variant-3\CSS-Exam-Feb-2013-Variant-3.csproj", "{AD85C68C-0B97-44E9-B3B7-7D7046A808DB}"
EndProject
Global
	GlobalSection(SolutionConfigurationPlatforms) = preSolution
		Debug|Any CPU = Debug|Any CPU
		Release|Any CPU = Release|Any CPU
	EndGlobalSection
	GlobalSection(ProjectConfigurationPlatforms) = postSolution
		{AD85C68C-0B97-44E9-B3B7-7D7046A808DB}.Debug|Any CPU.ActiveCfg = Debug|Any CPU
		{AD85C68C-0B97-44E9-B3B7-7D7046A808DB}.Debug|Any CPU.Build.0 = Debug|Any CPU
		{AD85C68C-0B97-44E9-B3B7-7D7046A808DB}.Release|Any CPU.ActiveCfg = Release|Any CPU
		{AD85C68C-0B97-44E9-B3B7-7D7046A808DB}.Release|Any CPU.Build.0 = Release|Any CPU
	EndGlobalSection
	GlobalSection(SolutionProperties) = preSolution
		HideSolutionNode = FALSE
	EndGlobalSection
EndGlobal
