
Microsoft Visual Studio Solution File, Format Version 12.00
# Visual Studio 2013
VisualStudioVersion = 12.0.30723.0
MinimumVisualStudioVersion = 10.0.40219.1
Project("{FAE04EC0-301F-11D3-BF4B-00C04F79EFBC}") = "01.PriorityQueueImplementation", "01.PriorityQueueImplementation\01.PriorityQueueImplementation.csproj", "{66B8D6A7-1719-469C-BB4B-FC78BA1D6570}"
EndProject
Project("{FAE04EC0-301F-11D3-BF4B-00C04F79EFBC}") = "02.LargeCollectionOfProducts", "02.LargeCollectionOfProducts\02.LargeCollectionOfProducts.csproj", "{ADD9C0AA-4F61-4AD9-8B13-1490A1983D5B}"
EndProject
Project("{FAE04EC0-301F-11D3-BF4B-00C04F79EFBC}") = "03.FindSetOfWordsInText", "03.FindSetOfWordsInText\03.FindSetOfWordsInText.csproj", "{10039ABB-3906-4EE0-A14F-F86BF45C2D48}"
EndProject
Global
	GlobalSection(SolutionConfigurationPlatforms) = preSolution
		Debug|Any CPU = Debug|Any CPU
		Release|Any CPU = Release|Any CPU
	EndGlobalSection
	GlobalSection(ProjectConfigurationPlatforms) = postSolution
		{66B8D6A7-1719-469C-BB4B-FC78BA1D6570}.Debug|Any CPU.ActiveCfg = Debug|Any CPU
		{66B8D6A7-1719-469C-BB4B-FC78BA1D6570}.Debug|Any CPU.Build.0 = Debug|Any CPU
		{66B8D6A7-1719-469C-BB4B-FC78BA1D6570}.Release|Any CPU.ActiveCfg = Release|Any CPU
		{66B8D6A7-1719-469C-BB4B-FC78BA1D6570}.Release|Any CPU.Build.0 = Release|Any CPU
		{ADD9C0AA-4F61-4AD9-8B13-1490A1983D5B}.Debug|Any CPU.ActiveCfg = Debug|Any CPU
		{ADD9C0AA-4F61-4AD9-8B13-1490A1983D5B}.Debug|Any CPU.Build.0 = Debug|Any CPU
		{ADD9C0AA-4F61-4AD9-8B13-1490A1983D5B}.Release|Any CPU.ActiveCfg = Release|Any CPU
		{ADD9C0AA-4F61-4AD9-8B13-1490A1983D5B}.Release|Any CPU.Build.0 = Release|Any CPU
		{10039ABB-3906-4EE0-A14F-F86BF45C2D48}.Debug|Any CPU.ActiveCfg = Debug|Any CPU
		{10039ABB-3906-4EE0-A14F-F86BF45C2D48}.Debug|Any CPU.Build.0 = Debug|Any CPU
		{10039ABB-3906-4EE0-A14F-F86BF45C2D48}.Release|Any CPU.ActiveCfg = Release|Any CPU
		{10039ABB-3906-4EE0-A14F-F86BF45C2D48}.Release|Any CPU.Build.0 = Release|Any CPU
	EndGlobalSection
	GlobalSection(SolutionProperties) = preSolution
		HideSolutionNode = FALSE
	EndGlobalSection
EndGlobal
