
Microsoft Visual Studio Solution File, Format Version 12.00
# Visual Studio 2013
VisualStudioVersion = 12.0.30723.0
MinimumVisualStudioVersion = 10.0.40219.1
Project("{FAE04EC0-301F-11D3-BF4B-00C04F79EFBC}") = "DataAccessModel2", "DataAccessModel2\DataAccessModel2.csproj", "{6F9C2621-695C-4BDE-881B-157DCAA75C07}"
EndProject
Project("{FAE04EC0-301F-11D3-BF4B-00C04F79EFBC}") = "Bootstrapper", "Bootstrapper\Bootstrapper.csproj", "{16FC00B9-F502-4BFD-9BEF-1CE628EA41A8}"
EndProject
Global
	GlobalSection(SolutionConfigurationPlatforms) = preSolution
		Debug|Any CPU = Debug|Any CPU
		Release|Any CPU = Release|Any CPU
	EndGlobalSection
	GlobalSection(ProjectConfigurationPlatforms) = postSolution
		{6F9C2621-695C-4BDE-881B-157DCAA75C07}.Debug|Any CPU.ActiveCfg = Debug|Any CPU
		{6F9C2621-695C-4BDE-881B-157DCAA75C07}.Debug|Any CPU.Build.0 = Debug|Any CPU
		{6F9C2621-695C-4BDE-881B-157DCAA75C07}.Release|Any CPU.ActiveCfg = Release|Any CPU
		{6F9C2621-695C-4BDE-881B-157DCAA75C07}.Release|Any CPU.Build.0 = Release|Any CPU
		{16FC00B9-F502-4BFD-9BEF-1CE628EA41A8}.Debug|Any CPU.ActiveCfg = Debug|Any CPU
		{16FC00B9-F502-4BFD-9BEF-1CE628EA41A8}.Debug|Any CPU.Build.0 = Debug|Any CPU
		{16FC00B9-F502-4BFD-9BEF-1CE628EA41A8}.Release|Any CPU.ActiveCfg = Release|Any CPU
		{16FC00B9-F502-4BFD-9BEF-1CE628EA41A8}.Release|Any CPU.Build.0 = Release|Any CPU
	EndGlobalSection
	GlobalSection(SolutionProperties) = preSolution
		HideSolutionNode = FALSE
	EndGlobalSection
EndGlobal
