
Microsoft Visual Studio Solution File, Format Version 12.00
# Visual Studio 2013
VisualStudioVersion = 12.0.30723.0
MinimumVisualStudioVersion = 10.0.40219.1
Project("{FAE04EC0-301F-11D3-BF4B-00C04F79EFBC}") = "EntitytFramework.Data", "EntitytFramework.Data\EntitytFramework.Data.csproj", "{BA56FD14-7CAE-4205-9548-D4793156B5AC}"
EndProject
Project("{FAE04EC0-301F-11D3-BF4B-00C04F79EFBC}") = "EntityFrameworkClient", "EntityFrameworkClient\EntityFrameworkClient.csproj", "{3D8D26B4-0509-4600-A9F0-2FC01B54745C}"
EndProject
Global
	GlobalSection(SolutionConfigurationPlatforms) = preSolution
		Debug|Any CPU = Debug|Any CPU
		Release|Any CPU = Release|Any CPU
	EndGlobalSection
	GlobalSection(ProjectConfigurationPlatforms) = postSolution
		{BA56FD14-7CAE-4205-9548-D4793156B5AC}.Debug|Any CPU.ActiveCfg = Debug|Any CPU
		{BA56FD14-7CAE-4205-9548-D4793156B5AC}.Debug|Any CPU.Build.0 = Debug|Any CPU
		{BA56FD14-7CAE-4205-9548-D4793156B5AC}.Release|Any CPU.ActiveCfg = Release|Any CPU
		{BA56FD14-7CAE-4205-9548-D4793156B5AC}.Release|Any CPU.Build.0 = Release|Any CPU
		{3D8D26B4-0509-4600-A9F0-2FC01B54745C}.Debug|Any CPU.ActiveCfg = Debug|Any CPU
		{3D8D26B4-0509-4600-A9F0-2FC01B54745C}.Debug|Any CPU.Build.0 = Debug|Any CPU
		{3D8D26B4-0509-4600-A9F0-2FC01B54745C}.Release|Any CPU.ActiveCfg = Release|Any CPU
		{3D8D26B4-0509-4600-A9F0-2FC01B54745C}.Release|Any CPU.Build.0 = Release|Any CPU
	EndGlobalSection
	GlobalSection(SolutionProperties) = preSolution
		HideSolutionNode = FALSE
	EndGlobalSection
EndGlobal
