
Microsoft Visual Studio Solution File, Format Version 12.00
# Visual Studio 2012
Project("{FAE04EC0-301F-11D3-BF4B-00C04F79EFBC}") = "DefiningClassesI", "DefiningClassesI\DefiningClassesI.csproj", "{91339B79-7658-4D20-AC4B-185C1583B0BE}"
EndProject
Project("{FAE04EC0-301F-11D3-BF4B-00C04F79EFBC}") = "GSMClassLibrary", "GSMClassLibrary\GSMClassLibrary.csproj", "{31D975E9-2597-4B5B-8791-90B66C62DC38}"
EndProject
Global
	GlobalSection(SolutionConfigurationPlatforms) = preSolution
		Debug|Any CPU = Debug|Any CPU
		Release|Any CPU = Release|Any CPU
	EndGlobalSection
	GlobalSection(ProjectConfigurationPlatforms) = postSolution
		{91339B79-7658-4D20-AC4B-185C1583B0BE}.Debug|Any CPU.ActiveCfg = Debug|Any CPU
		{91339B79-7658-4D20-AC4B-185C1583B0BE}.Debug|Any CPU.Build.0 = Debug|Any CPU
		{91339B79-7658-4D20-AC4B-185C1583B0BE}.Release|Any CPU.ActiveCfg = Release|Any CPU
		{91339B79-7658-4D20-AC4B-185C1583B0BE}.Release|Any CPU.Build.0 = Release|Any CPU
		{31D975E9-2597-4B5B-8791-90B66C62DC38}.Debug|Any CPU.ActiveCfg = Debug|Any CPU
		{31D975E9-2597-4B5B-8791-90B66C62DC38}.Debug|Any CPU.Build.0 = Debug|Any CPU
		{31D975E9-2597-4B5B-8791-90B66C62DC38}.Release|Any CPU.ActiveCfg = Release|Any CPU
		{31D975E9-2597-4B5B-8791-90B66C62DC38}.Release|Any CPU.Build.0 = Release|Any CPU
	EndGlobalSection
	GlobalSection(SolutionProperties) = preSolution
		HideSolutionNode = FALSE
	EndGlobalSection
EndGlobal
